
Microsoft Visual Studio Solution File, Format Version 12.00
# Visual Studio 15
VisualStudioVersion = 15.0.28307.1525
MinimumVisualStudioVersion = 10.0.40219.1
Project("{FAE04EC0-301F-11D3-BF4B-00C04F79EFBC}") = "Jenkins", "Jenkins\Jenkins.csproj", "{1C5B0130-590D-41A1-A12F-2F27B4542650}"
EndProject
Project("{FAE04EC0-301F-11D3-BF4B-00C04F79EFBC}") = "UnitTestProject", "UnitTestProject\UnitTestProject.csproj", "{3BF18B29-441E-4819-8CC9-C2767C9E8460}"
EndProject
Global
	GlobalSection(SolutionConfigurationPlatforms) = preSolution
		Debug|Any CPU = Debug|Any CPU
		Release|Any CPU = Release|Any CPU
	EndGlobalSection
	GlobalSection(ProjectConfigurationPlatforms) = postSolution
		{1C5B0130-590D-41A1-A12F-2F27B4542650}.Debug|Any CPU.ActiveCfg = Debug|Any CPU
		{1C5B0130-590D-41A1-A12F-2F27B4542650}.Debug|Any CPU.Build.0 = Debug|Any CPU
		{1C5B0130-590D-41A1-A12F-2F27B4542650}.Release|Any CPU.ActiveCfg = Release|Any CPU
		{1C5B0130-590D-41A1-A12F-2F27B4542650}.Release|Any CPU.Build.0 = Release|Any CPU
		{3BF18B29-441E-4819-8CC9-C2767C9E8460}.Debug|Any CPU.ActiveCfg = Debug|Any CPU
		{3BF18B29-441E-4819-8CC9-C2767C9E8460}.Debug|Any CPU.Build.0 = Debug|Any CPU
		{3BF18B29-441E-4819-8CC9-C2767C9E8460}.Release|Any CPU.ActiveCfg = Release|Any CPU
		{3BF18B29-441E-4819-8CC9-C2767C9E8460}.Release|Any CPU.Build.0 = Release|Any CPU
	EndGlobalSection
	GlobalSection(SolutionProperties) = preSolution
		HideSolutionNode = FALSE
	EndGlobalSection
	GlobalSection(ExtensibilityGlobals) = postSolution
		SolutionGuid = {3435D2EF-17E2-4EA3-9DF2-44F5ADC0A686}
	EndGlobalSection
EndGlobal
